// !$*UTF8*$!
{
	archiveVersion = 1;
	classes = {
	};
	objectVersion = 46;
	objects = {

/* Begin PBXBuildFile section */
		4AC6046B1F47EDB300A71899 /* AppDelegate.swift in Sources */ = {isa = PBXBuildFile; fileRef = 4AC6046A1F47EDB300A71899 /* AppDelegate.swift */; };
		4AC6046D1F47EDB300A71899 /* ViewController.swift in Sources */ = {isa = PBXBuildFile; fileRef = 4AC6046C1F47EDB300A71899 /* ViewController.swift */; };
		4AC604701F47EDB300A71899 /* Main.storyboard in Resources */ = {isa = PBXBuildFile; fileRef = 4AC6046E1F47EDB300A71899 /* Main.storyboard */; };
		4AC604721F47EDB300A71899 /* Assets.xcassets in Resources */ = {isa = PBXBuildFile; fileRef = 4AC604711F47EDB300A71899 /* Assets.xcassets */; };
		4AC604751F47EDB300A71899 /* LaunchScreen.storyboard in Resources */ = {isa = PBXBuildFile; fileRef = 4AC604731F47EDB300A71899 /* LaunchScreen.storyboard */; };
		4AC6047D1F47EDC100A71899 /* RootTabBarViewController.swift in Sources */ = {isa = PBXBuildFile; fileRef = 4AC6047C1F47EDC100A71899 /* RootTabBarViewController.swift */; };
		4AC6047F1F47EDC400A71899 /* Color_extension.swift in Sources */ = {isa = PBXBuildFile; fileRef = 4AC6047E1F47EDC400A71899 /* Color_extension.swift */; };
/* End PBXBuildFile section */

/* Begin PBXFileReference section */
		4AC604671F47EDB300A71899 /* BartRootTabBarViewController.app */ = {isa = PBXFileReference; explicitFileType = wrapper.application; includeInIndex = 0; path = BartRootTabBarViewController.app; sourceTree = BUILT_PRODUCTS_DIR; };
		4AC6046A1F47EDB300A71899 /* AppDelegate.swift */ = {isa = PBXFileReference; lastKnownFileType = sourcecode.swift; path = AppDelegate.swift; sourceTree = "<group>"; };
		4AC6046C1F47EDB300A71899 /* ViewController.swift */ = {isa = PBXFileReference; lastKnownFileType = sourcecode.swift; path = ViewController.swift; sourceTree = "<group>"; };
		4AC6046F1F47EDB300A71899 /* Base */ = {isa = PBXFileReference; lastKnownFileType = file.storyboard; name = Base; path = Base.lproj/Main.storyboard; sourceTree = "<group>"; };
		4AC604711F47EDB300A71899 /* Assets.xcassets */ = {isa = PBXFileReference; lastKnownFileType = folder.assetcatalog; path = Assets.xcassets; sourceTree = "<group>"; };
		4AC604741F47EDB300A71899 /* Base */ = {isa = PBXFileReference; lastKnownFileType = file.storyboard; name = Base; path = Base.lproj/LaunchScreen.storyboard; sourceTree = "<group>"; };
		4AC604761F47EDB300A71899 /* Info.plist */ = {isa = PBXFileReference; lastKnownFileType = text.plist.xml; path = Info.plist; sourceTree = "<group>"; };
		4AC6047C1F47EDC100A71899 /* RootTabBarViewController.swift */ = {isa = PBXFileReference; fileEncoding = 4; lastKnownFileType = sourcecode.swift; path = RootTabBarViewController.swift; sourceTree = "<group>"; };
		4AC6047E1F47EDC400A71899 /* Color_extension.swift */ = {isa = PBXFileReference; fileEncoding = 4; lastKnownFileType = sourcecode.swift; path = Color_extension.swift; sourceTree = "<group>"; };
/* End PBXFileReference section */

/* Begin PBXFrameworksBuildPhase section */
		4AC604641F47EDB300A71899 /* Frameworks */ = {
			isa = PBXFrameworksBuildPhase;
			buildActionMask = 2147483647;
			files = (
			);
			runOnlyForDeploymentPostprocessing = 0;
		};
/* End PBXFrameworksBuildPhase section */

/* Begin PBXGroup section */
		4AC6045E1F47EDB300A71899 = {
			isa = PBXGroup;
			children = (
				4AC604691F47EDB300A71899 /* BartRootTabBarViewController */,
				4AC604681F47EDB300A71899 /* Products */,
			);
			sourceTree = "<group>";
		};
		4AC604681F47EDB300A71899 /* Products */ = {
			isa = PBXGroup;
			children = (
				4AC604671F47EDB300A71899 /* BartRootTabBarViewController.app */,
			);
			name = Products;
			sourceTree = "<group>";
		};
		4AC604691F47EDB300A71899 /* BartRootTabBarViewController */ = {
			isa = PBXGroup;
			children = (
				4AC6046A1F47EDB300A71899 /* AppDelegate.swift */,
				4AC6047C1F47EDC100A71899 /* RootTabBarViewController.swift */,
				4AC6047E1F47EDC400A71899 /* Color_extension.swift */,
				4AC6046C1F47EDB300A71899 /* ViewController.swift */,
				4AC6046E1F47EDB300A71899 /* Main.storyboard */,
				4AC604711F47EDB300A71899 /* Assets.xcassets */,
				4AC604731F47EDB300A71899 /* LaunchScreen.storyboard */,
				4AC604761F47EDB300A71899 /* Info.plist */,
			);
			path = BartRootTabBarViewController;
			sourceTree = "<group>";
		};
/* End PBXGroup section */

/* Begin PBXNativeTarget section */
		4AC604661F47EDB300A71899 /* BartRootTabBarViewController */ = {
			isa = PBXNativeTarget;
			buildConfigurationList = 4AC604791F47EDB300A71899 /* Build configuration list for PBXNativeTarget "BartRootTabBarViewController" */;
			buildPhases = (
				4AC604631F47EDB300A71899 /* Sources */,
				4AC604641F47EDB300A71899 /* Frameworks */,
				4AC604651F47EDB300A71899 /* Resources */,
			);
			buildRules = (
			);
			dependencies = (
			);
			name = BartRootTabBarViewController;
			productName = BartRootTabBarViewController;
			productReference = 4AC604671F47EDB300A71899 /* BartRootTabBarViewController.app */;
			productType = "com.apple.product-type.application";
		};
/* End PBXNativeTarget section */

/* Begin PBXProject section */
		4AC6045F1F47EDB300A71899 /* Project object */ = {
			isa = PBXProject;
			attributes = {
				LastSwiftUpdateCheck = 0830;
				LastUpgradeCheck = 0830;
				ORGANIZATIONNAME = simpsons;
				TargetAttributes = {
					4AC604661F47EDB300A71899 = {
						CreatedOnToolsVersion = 8.3.3;
						DevelopmentTeam = LG24S6VK7R;
						ProvisioningStyle = Automatic;
					};
				};
			};
			buildConfigurationList = 4AC604621F47EDB300A71899 /* Build configuration list for PBXProject "BartRootTabBarViewController" */;
			compatibilityVersion = "Xcode 3.2";
			developmentRegion = English;
			hasScannedForEncodings = 0;
			knownRegions = (
				en,
				Base,
			);
			mainGroup = 4AC6045E1F47EDB300A71899;
			productRefGroup = 4AC604681F47EDB300A71899 /* Products */;
			projectDirPath = "";
			projectRoot = "";
			targets = (
				4AC604661F47EDB300A71899 /* BartRootTabBarViewController */,
			);
		};
/* End PBXProject section */

/* Begin PBXResourcesBuildPhase section */
		4AC604651F47EDB300A71899 /* Resources */ = {
			isa = PBXResourcesBuildPhase;
			buildActionMask = 2147483647;
			files = (
				4AC604751F47EDB300A71899 /* LaunchScreen.storyboard in Resources */,
				4AC604721F47EDB300A71899 /* Assets.xcassets in Resources */,
				4AC604701F47EDB300A71899 /* Main.storyboard in Resources */,
			);
			runOnlyForDeploymentPostprocessing = 0;
		};
/* End PBXResourcesBuildPhase section */

/* Begin PBXSourcesBuildPhase section */
		4AC604631F47EDB300A71899 /* Sources */ = {
			isa = PBXSourcesBuildPhase;
			buildActionMask = 2147483647;
			files = (
				4AC6046D1F47EDB300A71899 /* ViewController.swift in Sources */,
				4AC6047D1F47EDC100A71899 /* RootTabBarViewController.swift in Sources */,
				4AC6046B1F47EDB300A71899 /* AppDelegate.swift in Sources */,
				4AC6047F1F47EDC400A71899 /* Color_extension.swift in Sources */,
			);
			runOnlyForDeploymentPostprocessing = 0;
		};
/* End PBXSourcesBuildPhase section */

/* Begin PBXVariantGroup section */
		4AC6046E1F47EDB300A71899 /* Main.storyboard */ = {
			isa = PBXVariantGroup;
			children = (
				4AC6046F1F47EDB300A71899 /* Base */,
			);
			name = Main.storyboard;
			sourceTree = "<group>";
		};
		4AC604731F47EDB300A71899 /* LaunchScreen.storyboard */ = {
			isa = PBXVariantGroup;
			children = (
				4AC604741F47EDB300A71899 /* Base */,
			);
			name = LaunchScreen.storyboard;
			sourceTree = "<group>";
		};
/* End PBXVariantGroup section */

/* Begin XCBuildConfiguration section */
		4AC604771F47EDB300A71899 /* Debug */ = {
			isa = XCBuildConfiguration;
			buildSettings = {
				ALWAYS_SEARCH_USER_PATHS = NO;
				CLANG_ANALYZER_NONNULL = YES;
				CLANG_ANALYZER_NUMBER_OBJECT_CONVERSION = YES_AGGRESSIVE;
				CLANG_CXX_LANGUAGE_STANDARD = "gnu++0x";
				CLANG_CXX_LIBRARY = "libc++";
				CLANG_ENABLE_MODULES = YES;
				CLANG_ENABLE_OBJC_ARC = YES;
				CLANG_WARN_BOOL_CONVERSION = YES;
				CLANG_WARN_CONSTANT_CONVERSION = YES;
				CLANG_WARN_DIRECT_OBJC_ISA_USAGE = YES_ERROR;
				CLANG_WARN_DOCUMENTATION_COMMENTS = YES;
				CLANG_WARN_EMPTY_BODY = YES;
				CLANG_WARN_ENUM_CONVERSION = YES;
				CLANG_WARN_INFINITE_RECURSION = YES;
				CLANG_WARN_INT_CONVERSION = YES;
				CLANG_WARN_OBJC_ROOT_CLASS = YES_ERROR;
				CLANG_WARN_SUSPICIOUS_MOVE = YES;
				CLANG_WARN_UNREACHABLE_CODE = YES;
				CLANG_WARN__DUPLICATE_METHOD_MATCH = YES;
				"CODE_SIGN_IDENTITY[sdk=iphoneos*]" = "iPhone Developer";
				COPY_PHASE_STRIP = NO;
				DEBUG_INFORMATION_FORMAT = dwarf;
				ENABLE_STRICT_OBJC_MSGSEND = YES;
				ENABLE_TESTABILITY = YES;
				GCC_C_LANGUAGE_STANDARD = gnu99;
				GCC_DYNAMIC_NO_PIC = NO;
				GCC_NO_COMMON_BLOCKS = YES;
				GCC_OPTIMIZATION_LEVEL = 0;
				GCC_PREPROCESSOR_DEFINITIONS = (
					"DEBUG=1",
					"$(inherited)",
				);
				GCC_WARN_64_TO_32_BIT_CONVERSION = YES;
				GCC_WARN_ABOUT_RETURN_TYPE = YES_ERROR;
				GCC_WARN_UNDECLARED_SELECTOR = YES;
				GCC_WARN_UNINITIALIZED_AUTOS = YES_AGGRESSIVE;
				GCC_WARN_UNUSED_FUNCTION = YES;
				GCC_WARN_UNUSED_VARIABLE = YES;
				IPHONEOS_DEPLOYMENT_TARGET = 10.3;
				MTL_ENABLE_DEBUG_INFO = YES;
				ONLY_ACTIVE_ARCH = YES;
				SDKROOT = iphoneos;
				SWIFT_ACTIVE_COMPILATION_CONDITIONS = DEBUG;
				SWIFT_OPTIMIZATION_LEVEL = "-Onone";
				TARGETED_DEVICE_FAMILY = "1,2";
			};
			name = Debug;
		};
		4AC604781F47EDB300A71899 /* Release */ = {
			isa = XCBuildConfiguration;
			buildSettings = {
				ALWAYS_SEARCH_USER_PATHS = NO;
				CLANG_ANALYZER_NONNULL = YES;
				CLANG_ANALYZER_NUMBER_OBJECT_CONVERSION = YES_AGGRESSIVE;
				CLANG_CXX_LANGUAGE_STANDARD = "gnu++0x";
				CLANG_CXX_LIBRARY = "libc++";
				CLANG_ENABLE_MODULES = YES;
				CLANG_ENABLE_OBJC_ARC = YES;
				CLANG_WARN_BOOL_CONVERSION = YES;
				CLANG_WARN_CONSTANT_CONVERSION = YES;
				CLANG_WARN_DIRECT_OBJC_ISA_USAGE = YES_ERROR;
				CLANG_WARN_DOCUMENTATION_COMMENTS = YES;
				CLANG_WARN_EMPTY_BODY = YES;
				CLANG_WARN_ENUM_CONVERSION = YES;
				CLANG_WARN_INFINITE_RECURSION = YES;
				CLANG_WARN_INT_CONVERSION = YES;
				CLANG_WARN_OBJC_ROOT_CLASS = YES_ERROR;
				CLANG_WARN_SUSPICIOUS_MOVE = YES;
				CLANG_WARN_UNREACHABLE_CODE = YES;
				CLANG_WARN__DUPLICATE_METHOD_MATCH = YES;
				"CODE_SIGN_IDENTITY[sdk=iphoneos*]" = "iPhone Developer";
				COPY_PHASE_STRIP = NO;
				DEBUG_INFORMATION_FORMAT = "dwarf-with-dsym";
				ENABLE_NS_ASSERTIONS = NO;
				ENABLE_STRICT_OBJC_MSGSEND = YES;
				GCC_C_LANGUAGE_STANDARD = gnu99;
				GCC_NO_COMMON_BLOCKS = YES;
				GCC_WARN_64_TO_32_BIT_CONVERSION = YES;
				GCC_WARN_ABOUT_RETURN_TYPE = YES_ERROR;
				GCC_WARN_UNDECLARED_SELECTOR = YES;
				GCC_WARN_UNINITIALIZED_AUTOS = YES_AGGRESSIVE;
				GCC_WARN_UNUSED_FUNCTION = YES;
				GCC_WARN_UNUSED_VARIABLE = YES;
				IPHONEOS_DEPLOYMENT_TARGET = 10.3;
				MTL_ENABLE_DEBUG_INFO = NO;
				SDKROOT = iphoneos;
				SWIFT_OPTIMIZATION_LEVEL = "-Owholemodule";
				TARGETED_DEVICE_FAMILY = "1,2";
				VALIDATE_PRODUCT = YES;
			};
			name = Release;
		};
		4AC6047A1F47EDB300A71899 /* Debug */ = {
			isa = XCBuildConfiguration;
			buildSettings = {
				ASSETCATALOG_COMPILER_APPICON_NAME = AppIcon;
				DEVELOPMENT_TEAM = LG24S6VK7R;
				INFOPLIST_FILE = BartRootTabBarViewController/Info.plist;
				LD_RUNPATH_SEARCH_PATHS = "$(inherited) @executable_path/Frameworks";
				PRODUCT_BUNDLE_IDENTIFIER = www.simpsons.com.BartRootTabBarViewController;
				PRODUCT_NAME = "$(TARGET_NAME)";
				SWIFT_VERSION = 3.0;
			};
			name = Debug;
		};
		4AC6047B1F47EDB300A71899 /* Release */ = {
			isa = XCBuildConfiguration;
			buildSettings = {
				ASSETCATALOG_COMPILER_APPICON_NAME = AppIcon;
				DEVELOPMENT_TEAM = LG24S6VK7R;
				INFOPLIST_FILE = BartRootTabBarViewController/Info.plist;
				LD_RUNPATH_SEARCH_PATHS = "$(inherited) @executable_path/Frameworks";
				PRODUCT_BUNDLE_IDENTIFIER = www.simpsons.com.BartRootTabBarViewController;
				PRODUCT_NAME = "$(TARGET_NAME)";
				SWIFT_VERSION = 3.0;
			};
			name = Release;
		};
/* End XCBuildConfiguration section */

/* Begin XCConfigurationList section */
		4AC604621F47EDB300A71899 /* Build configuration list for PBXProject "BartRootTabBarViewController" */ = {
			isa = XCConfigurationList;
			buildConfigurations = (
				4AC604771F47EDB300A71899 /* Debug */,
				4AC604781F47EDB300A71899 /* Release */,
			);
			defaultConfigurationIsVisible = 0;
			defaultConfigurationName = Release;
		};
		4AC604791F47EDB300A71899 /* Build configuration list for PBXNativeTarget "BartRootTabBarViewController" */ = {
			isa = XCConfigurationList;
			buildConfigurations = (
				4AC6047A1F47EDB300A71899 /* Debug */,
				4AC6047B1F47EDB300A71899 /* Release */,
			);
			defaultConfigurationIsVisible = 0;
		};
/* End XCConfigurationList section */
	};
	rootObject = 4AC6045F1F47EDB300A71899 /* Project object */;
}
